
Microsoft Visual Studio Solution File, Format Version 12.00
Project("{2150E333-8FDC-42A3-9474-1A3956D46DE8}") = "Source", "Source", "{0266660F-851D-49E3-B684-B3C830C6DFE0}"
EndProject
Project("{2150E333-8FDC-42A3-9474-1A3956D46DE8}") = "Tests", "Tests", "{459DE753-08D4-46FF-BEF8-59C15A427229}"
EndProject
Project("{2150E333-8FDC-42A3-9474-1A3956D46DE8}") = "Domain", "Domain", "{C805F7D7-C5E7-4D0F-863B-C104D2407A85}"
EndProject
Project("{2150E333-8FDC-42A3-9474-1A3956D46DE8}") = "Application", "Application", "{81E1E4D0-710D-405B-805B-71C6059E2B93}"
EndProject
Project("{2150E333-8FDC-42A3-9474-1A3956D46DE8}") = "Infrastructure", "Infrastructure", "{6EDB7ED4-1FC9-461C-9309-2D8E09344B3C}"
EndProject
Project("{2150E333-8FDC-42A3-9474-1A3956D46DE8}") = "Clients", "Clients", "{E8AE3D94-8B19-4F12-B4EB-5CBF296B9F4F}"
EndProject
Project("{FAE04EC0-301F-11D3-BF4B-00C04F79EFBC}") = "TelegramClient", "Source\Domain\Clients\TelegramClient\TelegramClient.csproj", "{6D4E4A12-C1BE-40D7-8081-DFA17FA9CC02}"
EndProject
Project("{FAE04EC0-301F-11D3-BF4B-00C04F79EFBC}") = "TelegramBot", "Source\Domain\Clients\TelegramBot\TelegramBot.csproj", "{E46FEF4F-037C-40E2-935F-78C6A6E7D6D3}"
EndProject
Project("{FAE04EC0-301F-11D3-BF4B-00C04F79EFBC}") = "Core", "Source\Domain\Core\Core.csproj", "{F0005D8E-1F30-4C73-9F19-BF4ED9DC6C42}"
EndProject
Project("{FAE04EC0-301F-11D3-BF4B-00C04F79EFBC}") = "Mailing", "Source\Domain\Mailing\Mailing.csproj", "{3D7FD1B2-5A48-48C2-A651-8E119B5AEFE8}"
EndProject
Project("{FAE04EC0-301F-11D3-BF4B-00C04F79EFBC}") = "Analytics", "Source\Domain\Analytics\Analytics.csproj", "{919AE7B6-CBBC-4EE0-8515-3A4349D2BA48}"
EndProject
Project("{FAE04EC0-301F-11D3-BF4B-00C04F79EFBC}") = "Chat", "Source\Domain\Chat\Chat.csproj", "{F7F989F4-436A-4F42-A96D-78F335A320CF}"
EndProject
Project("{2150E333-8FDC-42A3-9474-1A3956D46DE8}") = "Web", "Web", "{129C2C77-1556-4ACA-A964-F98AEA93DB84}"
EndProject
Project("{2150E333-8FDC-42A3-9474-1A3956D46DE8}") = "Events", "Events", "{27FFCA94-E998-4AAC-B893-5D7DB4B28BED}"
EndProject
Project("{2150E333-8FDC-42A3-9474-1A3956D46DE8}") = "Clients", "Clients", "{87F5BEF8-F0AE-41FF-A916-0AEC699D355E}"
EndProject
Project("{FAE04EC0-301F-11D3-BF4B-00C04F79EFBC}") = "DefaultDomainEventDispatcher", "Source\Infrastructure\Events\DefaultDomainEventDispatcher\DefaultDomainEventDispatcher.csproj", "{2351FB72-3E0B-44CF-B9F4-21D14E71FE46}"
EndProject
Project("{FAE04EC0-301F-11D3-BF4B-00C04F79EFBC}") = "ServiceDomainEventDispatcher", "Source\Infrastructure\Events\ServiceDomainEventDispatcher\ServiceDomainEventDispatcher.csproj", "{DD37C849-D5A7-4C9D-AF8E-4BBEE42CD138}"
EndProject
Project("{FAE04EC0-301F-11D3-BF4B-00C04F79EFBC}") = "EventsTest", "Tests\EventsTest\EventsTest.csproj", "{2C72E136-2E67-464D-A18D-73119D318C4B}"
EndProject
Global
	GlobalSection(SolutionConfigurationPlatforms) = preSolution
		Debug|Any CPU = Debug|Any CPU
		Release|Any CPU = Release|Any CPU
	EndGlobalSection
	GlobalSection(NestedProjects) = preSolution
		{C805F7D7-C5E7-4D0F-863B-C104D2407A85} = {0266660F-851D-49E3-B684-B3C830C6DFE0}
		{81E1E4D0-710D-405B-805B-71C6059E2B93} = {0266660F-851D-49E3-B684-B3C830C6DFE0}
		{6EDB7ED4-1FC9-461C-9309-2D8E09344B3C} = {0266660F-851D-49E3-B684-B3C830C6DFE0}
		{E8AE3D94-8B19-4F12-B4EB-5CBF296B9F4F} = {C805F7D7-C5E7-4D0F-863B-C104D2407A85}
		{6D4E4A12-C1BE-40D7-8081-DFA17FA9CC02} = {E8AE3D94-8B19-4F12-B4EB-5CBF296B9F4F}
		{E46FEF4F-037C-40E2-935F-78C6A6E7D6D3} = {E8AE3D94-8B19-4F12-B4EB-5CBF296B9F4F}
		{F0005D8E-1F30-4C73-9F19-BF4ED9DC6C42} = {C805F7D7-C5E7-4D0F-863B-C104D2407A85}
		{3D7FD1B2-5A48-48C2-A651-8E119B5AEFE8} = {C805F7D7-C5E7-4D0F-863B-C104D2407A85}
		{919AE7B6-CBBC-4EE0-8515-3A4349D2BA48} = {C805F7D7-C5E7-4D0F-863B-C104D2407A85}
		{F7F989F4-436A-4F42-A96D-78F335A320CF} = {C805F7D7-C5E7-4D0F-863B-C104D2407A85}
		{129C2C77-1556-4ACA-A964-F98AEA93DB84} = {0266660F-851D-49E3-B684-B3C830C6DFE0}
		{27FFCA94-E998-4AAC-B893-5D7DB4B28BED} = {6EDB7ED4-1FC9-461C-9309-2D8E09344B3C}
		{87F5BEF8-F0AE-41FF-A916-0AEC699D355E} = {6EDB7ED4-1FC9-461C-9309-2D8E09344B3C}
		{2351FB72-3E0B-44CF-B9F4-21D14E71FE46} = {27FFCA94-E998-4AAC-B893-5D7DB4B28BED}
		{DD37C849-D5A7-4C9D-AF8E-4BBEE42CD138} = {27FFCA94-E998-4AAC-B893-5D7DB4B28BED}
		{2C72E136-2E67-464D-A18D-73119D318C4B} = {459DE753-08D4-46FF-BEF8-59C15A427229}
	EndGlobalSection
	GlobalSection(ProjectConfigurationPlatforms) = postSolution
		{6D4E4A12-C1BE-40D7-8081-DFA17FA9CC02}.Debug|Any CPU.ActiveCfg = Debug|Any CPU
		{6D4E4A12-C1BE-40D7-8081-DFA17FA9CC02}.Debug|Any CPU.Build.0 = Debug|Any CPU
		{6D4E4A12-C1BE-40D7-8081-DFA17FA9CC02}.Release|Any CPU.ActiveCfg = Release|Any CPU
		{6D4E4A12-C1BE-40D7-8081-DFA17FA9CC02}.Release|Any CPU.Build.0 = Release|Any CPU
		{E46FEF4F-037C-40E2-935F-78C6A6E7D6D3}.Debug|Any CPU.ActiveCfg = Debug|Any CPU
		{E46FEF4F-037C-40E2-935F-78C6A6E7D6D3}.Debug|Any CPU.Build.0 = Debug|Any CPU
		{E46FEF4F-037C-40E2-935F-78C6A6E7D6D3}.Release|Any CPU.ActiveCfg = Release|Any CPU
		{E46FEF4F-037C-40E2-935F-78C6A6E7D6D3}.Release|Any CPU.Build.0 = Release|Any CPU
		{F0005D8E-1F30-4C73-9F19-BF4ED9DC6C42}.Debug|Any CPU.ActiveCfg = Debug|Any CPU
		{F0005D8E-1F30-4C73-9F19-BF4ED9DC6C42}.Debug|Any CPU.Build.0 = Debug|Any CPU
		{F0005D8E-1F30-4C73-9F19-BF4ED9DC6C42}.Release|Any CPU.ActiveCfg = Release|Any CPU
		{F0005D8E-1F30-4C73-9F19-BF4ED9DC6C42}.Release|Any CPU.Build.0 = Release|Any CPU
		{3D7FD1B2-5A48-48C2-A651-8E119B5AEFE8}.Debug|Any CPU.ActiveCfg = Debug|Any CPU
		{3D7FD1B2-5A48-48C2-A651-8E119B5AEFE8}.Debug|Any CPU.Build.0 = Debug|Any CPU
		{3D7FD1B2-5A48-48C2-A651-8E119B5AEFE8}.Release|Any CPU.ActiveCfg = Release|Any CPU
		{3D7FD1B2-5A48-48C2-A651-8E119B5AEFE8}.Release|Any CPU.Build.0 = Release|Any CPU
		{919AE7B6-CBBC-4EE0-8515-3A4349D2BA48}.Debug|Any CPU.ActiveCfg = Debug|Any CPU
		{919AE7B6-CBBC-4EE0-8515-3A4349D2BA48}.Debug|Any CPU.Build.0 = Debug|Any CPU
		{919AE7B6-CBBC-4EE0-8515-3A4349D2BA48}.Release|Any CPU.ActiveCfg = Release|Any CPU
		{919AE7B6-CBBC-4EE0-8515-3A4349D2BA48}.Release|Any CPU.Build.0 = Release|Any CPU
		{F7F989F4-436A-4F42-A96D-78F335A320CF}.Debug|Any CPU.ActiveCfg = Debug|Any CPU
		{F7F989F4-436A-4F42-A96D-78F335A320CF}.Debug|Any CPU.Build.0 = Debug|Any CPU
		{F7F989F4-436A-4F42-A96D-78F335A320CF}.Release|Any CPU.ActiveCfg = Release|Any CPU
		{F7F989F4-436A-4F42-A96D-78F335A320CF}.Release|Any CPU.Build.0 = Release|Any CPU
		{2351FB72-3E0B-44CF-B9F4-21D14E71FE46}.Debug|Any CPU.ActiveCfg = Debug|Any CPU
		{2351FB72-3E0B-44CF-B9F4-21D14E71FE46}.Debug|Any CPU.Build.0 = Debug|Any CPU
		{2351FB72-3E0B-44CF-B9F4-21D14E71FE46}.Release|Any CPU.ActiveCfg = Release|Any CPU
		{2351FB72-3E0B-44CF-B9F4-21D14E71FE46}.Release|Any CPU.Build.0 = Release|Any CPU
		{DD37C849-D5A7-4C9D-AF8E-4BBEE42CD138}.Debug|Any CPU.ActiveCfg = Debug|Any CPU
		{DD37C849-D5A7-4C9D-AF8E-4BBEE42CD138}.Debug|Any CPU.Build.0 = Debug|Any CPU
		{DD37C849-D5A7-4C9D-AF8E-4BBEE42CD138}.Release|Any CPU.ActiveCfg = Release|Any CPU
		{DD37C849-D5A7-4C9D-AF8E-4BBEE42CD138}.Release|Any CPU.Build.0 = Release|Any CPU
		{2C72E136-2E67-464D-A18D-73119D318C4B}.Debug|Any CPU.ActiveCfg = Debug|Any CPU
		{2C72E136-2E67-464D-A18D-73119D318C4B}.Debug|Any CPU.Build.0 = Debug|Any CPU
		{2C72E136-2E67-464D-A18D-73119D318C4B}.Release|Any CPU.ActiveCfg = Release|Any CPU
		{2C72E136-2E67-464D-A18D-73119D318C4B}.Release|Any CPU.Build.0 = Release|Any CPU
	EndGlobalSection
EndGlobal
